
Microsoft Visual Studio Solution File, Format Version 12.00
# Visual Studio Express 2012 for Windows Desktop
Project("{2150E333-8FDC-42A3-9474-1A3956D46DE8}") = "scripts", "scripts", "{54F489FA-CBBB-4B5C-9A31-5D40DAFEE85A}"
	ProjectSection(SolutionItems) = preProject
		Other Items\Create TaskManager Database.sql = Other Items\Create TaskManager Database.sql
	EndProjectSection
EndProject
Project("{FAE04EC0-301F-11D3-BF4B-00C04F79EFBC}") = "Task Manager UI", "TaskManager\Task Manager UI.csproj", "{0E4B5532-D668-47E3-8D0C-6D560634284A}"
EndProject
Project("{FAE04EC0-301F-11D3-BF4B-00C04F79EFBC}") = "Task Manager Logic", "TaskMan Logic\Task Manager Logic.csproj", "{6337894D-B589-4D69-B6E5-DCC72C439F7F}"
EndProject
Project("{FAE04EC0-301F-11D3-BF4B-00C04F79EFBC}") = "Task Manager Tests", "Task Manager Tests\Task Manager Tests.csproj", "{196E876C-7EC4-4DAE-B539-B502E618ADDF}"
EndProject
Project("{FAE04EC0-301F-11D3-BF4B-00C04F79EFBC}") = "Task Manager Languages", "Task Manager Languages\Task Manager Languages.csproj", "{273A6648-93A8-4169-9C92-10B19B7147DD}"
EndProject
Global
	GlobalSection(SolutionConfigurationPlatforms) = preSolution
		Debug|Any CPU = Debug|Any CPU
		Release|Any CPU = Release|Any CPU
	EndGlobalSection
	GlobalSection(ProjectConfigurationPlatforms) = postSolution
		{0E4B5532-D668-47E3-8D0C-6D560634284A}.Debug|Any CPU.ActiveCfg = Debug|Any CPU
		{0E4B5532-D668-47E3-8D0C-6D560634284A}.Debug|Any CPU.Build.0 = Debug|Any CPU
		{0E4B5532-D668-47E3-8D0C-6D560634284A}.Release|Any CPU.ActiveCfg = Release|Any CPU
		{0E4B5532-D668-47E3-8D0C-6D560634284A}.Release|Any CPU.Build.0 = Release|Any CPU
		{6337894D-B589-4D69-B6E5-DCC72C439F7F}.Debug|Any CPU.ActiveCfg = Debug|Any CPU
		{6337894D-B589-4D69-B6E5-DCC72C439F7F}.Debug|Any CPU.Build.0 = Debug|Any CPU
		{6337894D-B589-4D69-B6E5-DCC72C439F7F}.Release|Any CPU.ActiveCfg = Release|Any CPU
		{6337894D-B589-4D69-B6E5-DCC72C439F7F}.Release|Any CPU.Build.0 = Release|Any CPU
		{196E876C-7EC4-4DAE-B539-B502E618ADDF}.Debug|Any CPU.ActiveCfg = Debug|Any CPU
		{196E876C-7EC4-4DAE-B539-B502E618ADDF}.Debug|Any CPU.Build.0 = Debug|Any CPU
		{196E876C-7EC4-4DAE-B539-B502E618ADDF}.Release|Any CPU.ActiveCfg = Release|Any CPU
		{196E876C-7EC4-4DAE-B539-B502E618ADDF}.Release|Any CPU.Build.0 = Release|Any CPU
		{273A6648-93A8-4169-9C92-10B19B7147DD}.Debug|Any CPU.ActiveCfg = Debug|Any CPU
		{273A6648-93A8-4169-9C92-10B19B7147DD}.Debug|Any CPU.Build.0 = Debug|Any CPU
		{273A6648-93A8-4169-9C92-10B19B7147DD}.Release|Any CPU.ActiveCfg = Release|Any CPU
		{273A6648-93A8-4169-9C92-10B19B7147DD}.Release|Any CPU.Build.0 = Release|Any CPU
	EndGlobalSection
	GlobalSection(SolutionProperties) = preSolution
		HideSolutionNode = FALSE
	EndGlobalSection
EndGlobal
